{
  "name": "aakjaer.github.com",
  "lockfileVersion": 3,
  "requires": true,
  "packages": {
    "": {
      "dependencies": {
        "@barba/core": "^2.9.7",
        "hamburgers": "^1.1.3",
        "spltjs": "^1.1.0"
      }
    },
    "node_modules/@barba/core": {
      "version": "2.9.7",
      "resolved": "https://registry.npmjs.org/@barba/core/-/core-2.9.7.tgz",
      "integrity": "sha512-GLtpty1fzWnd500AoUHd+hJoSCVElqth20P4W8Bf0IAA9nd1K5e8NbPnCegXC4KzOwV+JHk5DVofAZcoc+I54Q==",
      "license": "MIT",
      "dependencies": {
        "is-promise": "^2.1.0",
        "path-to-regexp": "^3.0.0"
      }
    },
    "node_modules/hamburgers": {
      "version": "1.2.1",
      "resolved": "https://registry.npmjs.org/hamburgers/-/hamburgers-1.2.1.tgz",
      "integrity": "sha512-uFuVVF7/MeUtRWrA+S1FGGo4iVi7RgPzZAmljBnSeDh4snOZzaQ+oB6CI1m4vKD5RGz9s70ufgiJLxgivqA26Q==",
      "license": "MIT"
    },
    "node_modules/is-promise": {
      "version": "2.2.2",
      "resolved": "https://registry.npmjs.org/is-promise/-/is-promise-2.2.2.tgz",
      "integrity": "sha512-+lP4/6lKUBfQjZ2pdxThZvLUAafmZb8OAxFb8XXtiQmS35INgr85hdOGoEs124ez1FCnZJt6jau/T+alh58QFQ==",
      "license": "MIT"
    },
    "node_modules/path-to-regexp": {
      "version": "3.2.0",
      "resolved": "https://registry.npmjs.org/path-to-regexp/-/path-to-regexp-3.2.0.tgz",
      "integrity": "sha512-jczvQbCUS7XmS7o+y1aEO9OBVFeZBQ1MDSEqmO7xSoPgOPoowY/SxLpZ6Vh97/8qHZOteiCKb7gkG9gA2ZUxJA==",
      "license": "MIT"
    },
    "node_modules/spltjs": {
      "version": "1.1.0",
      "resolved": "https://registry.npmjs.org/spltjs/-/spltjs-1.1.0.tgz",
      "integrity": "sha512-ACWucQPj0t5Bd8KohFLop22NpC249nTuwdmxlrG3sPL1+gscSWUtJHUL3weIEAxdF8+bKQfV2jzabl0S2dPBqg==",
      "license": "MIT"
    }
  }
}
